{
  "name": "github-language-usage",
  "version": "1.1.0",
  "lockfileVersion": 1,
  "requires": true,
  "dependencies": {
    "@types/node": {
      "version": "14.0.26",
      "resolved": "https://registry.npmjs.org/@types/node/-/node-14.0.26.tgz",
      "integrity": "sha512-W+fpe5s91FBGE0pEa0lnqGLL4USgpLgs4nokw16SrBBco/gQxuua7KnArSEOd5iaMqbbSHV10vUDkJYJJqpXKA==",
      "dev": true
    },
    "node-fetch": {
      "version": "2.6.1",
      "resolved": "https://registry.npmjs.org/node-fetch/-/node-fetch-2.6.1.tgz",
      "integrity": "sha512-V4aYg89jEoVRxRb2fJdAg8FHvI7cEyYdVAh94HH0UIK8oJxUfkjlDQN9RbMx+bEjP7+ggMiFRprSti032Oipxw=="
    }
  }
}
